
Microsoft Visual Studio Solution File, Format Version 12.00
# Visual Studio 14
VisualStudioVersion = 14.0.23107.0
MinimumVisualStudioVersion = 10.0.40219.1
Project("{FAE04EC0-301F-11D3-BF4B-00C04F79EFBC}") = "atm.domain", "domain\atm.domain\atm.domain.csproj", "{F703DB7F-124F-48C7-B449-81CECAA4D6CB}"
EndProject
Project("{FAE04EC0-301F-11D3-BF4B-00C04F79EFBC}") = "atm.entity.persistance", "persistance\atm.persistance\atm.entity.persistance.csproj", "{4BC025B8-6498-4BD1-A55D-1D8DD4E2D6C9}"
EndProject
Project("{2150E333-8FDC-42A3-9474-1A3956D46DE8}") = "domain", "domain", "{32E209B5-D06B-4C3B-99A7-439D427ECBC8}"
EndProject
Project("{2150E333-8FDC-42A3-9474-1A3956D46DE8}") = "persistance", "persistance", "{33D17568-8ECB-4C97-9304-9AAAFA3581E3}"
EndProject
Project("{2150E333-8FDC-42A3-9474-1A3956D46DE8}") = "web", "web", "{80F5FC4B-B3AE-4CEC-BCB3-0FD2004AE3BD}"
EndProject
Project("{FAE04EC0-301F-11D3-BF4B-00C04F79EFBC}") = "atm.nhibernate.persistance", "persistance\atm.nhibernate.persistance\atm.nhibernate.persistance.csproj", "{21B84AC3-08A8-49C8-926B-974ACCBCA79D}"
EndProject
Project("{2150E333-8FDC-42A3-9474-1A3956D46DE8}") = "services", "services", "{C8DFA7EA-0E88-4CE3-AD62-C0294F224C72}"
EndProject
Project("{2150E333-8FDC-42A3-9474-1A3956D46DE8}") = "tools", "tools", "{4ABF9EE7-C1C5-460A-9A33-92D90157228B}"
EndProject
Project("{FAE04EC0-301F-11D3-BF4B-00C04F79EFBC}") = "atm.migration", "tools\atm.migration\atm.migration.csproj", "{75E6ED6C-2F76-455B-81DA-F5CB84DB98CE}"
EndProject
Global
	GlobalSection(SolutionConfigurationPlatforms) = preSolution
		Debug|Any CPU = Debug|Any CPU
		Release|Any CPU = Release|Any CPU
	EndGlobalSection
	GlobalSection(ProjectConfigurationPlatforms) = postSolution
		{F703DB7F-124F-48C7-B449-81CECAA4D6CB}.Debug|Any CPU.ActiveCfg = Debug|Any CPU
		{F703DB7F-124F-48C7-B449-81CECAA4D6CB}.Debug|Any CPU.Build.0 = Debug|Any CPU
		{F703DB7F-124F-48C7-B449-81CECAA4D6CB}.Release|Any CPU.ActiveCfg = Release|Any CPU
		{F703DB7F-124F-48C7-B449-81CECAA4D6CB}.Release|Any CPU.Build.0 = Release|Any CPU
		{4BC025B8-6498-4BD1-A55D-1D8DD4E2D6C9}.Debug|Any CPU.ActiveCfg = Debug|Any CPU
		{4BC025B8-6498-4BD1-A55D-1D8DD4E2D6C9}.Debug|Any CPU.Build.0 = Debug|Any CPU
		{4BC025B8-6498-4BD1-A55D-1D8DD4E2D6C9}.Release|Any CPU.ActiveCfg = Release|Any CPU
		{4BC025B8-6498-4BD1-A55D-1D8DD4E2D6C9}.Release|Any CPU.Build.0 = Release|Any CPU
		{21B84AC3-08A8-49C8-926B-974ACCBCA79D}.Debug|Any CPU.ActiveCfg = Debug|Any CPU
		{21B84AC3-08A8-49C8-926B-974ACCBCA79D}.Debug|Any CPU.Build.0 = Debug|Any CPU
		{21B84AC3-08A8-49C8-926B-974ACCBCA79D}.Release|Any CPU.ActiveCfg = Release|Any CPU
		{21B84AC3-08A8-49C8-926B-974ACCBCA79D}.Release|Any CPU.Build.0 = Release|Any CPU
		{75E6ED6C-2F76-455B-81DA-F5CB84DB98CE}.Debug|Any CPU.ActiveCfg = Debug|Any CPU
		{75E6ED6C-2F76-455B-81DA-F5CB84DB98CE}.Debug|Any CPU.Build.0 = Debug|Any CPU
		{75E6ED6C-2F76-455B-81DA-F5CB84DB98CE}.Release|Any CPU.ActiveCfg = Release|Any CPU
		{75E6ED6C-2F76-455B-81DA-F5CB84DB98CE}.Release|Any CPU.Build.0 = Release|Any CPU
	EndGlobalSection
	GlobalSection(SolutionProperties) = preSolution
		HideSolutionNode = FALSE
	EndGlobalSection
	GlobalSection(NestedProjects) = preSolution
		{F703DB7F-124F-48C7-B449-81CECAA4D6CB} = {32E209B5-D06B-4C3B-99A7-439D427ECBC8}
		{4BC025B8-6498-4BD1-A55D-1D8DD4E2D6C9} = {33D17568-8ECB-4C97-9304-9AAAFA3581E3}
		{21B84AC3-08A8-49C8-926B-974ACCBCA79D} = {33D17568-8ECB-4C97-9304-9AAAFA3581E3}
		{75E6ED6C-2F76-455B-81DA-F5CB84DB98CE} = {4ABF9EE7-C1C5-460A-9A33-92D90157228B}
	EndGlobalSection
EndGlobal
